
Microsoft Visual Studio Solution File, Format Version 12.00
# Visual Studio Version 17
VisualStudioVersion = 17.14.36310.24 d17.14
MinimumVisualStudioVersion = 10.0.40219.1
Project("{FAE04EC0-301F-11D3-BF4B-00C04F79EFBC}") = "Calculator", "Calculator\Calculator.csproj", "{973E9325-877A-465B-9E02-6482F0F78FDF}"
EndProject
Global
	GlobalSection(SolutionConfigurationPlatforms) = preSolution
		Debug|Any CPU = Debug|Any CPU
		Release|Any CPU = Release|Any CPU
	EndGlobalSection
	GlobalSection(ProjectConfigurationPlatforms) = postSolution
		{973E9325-877A-465B-9E02-6482F0F78FDF}.Debug|Any CPU.ActiveCfg = Debug|Any CPU
		{973E9325-877A-465B-9E02-6482F0F78FDF}.Debug|Any CPU.Build.0 = Debug|Any CPU
		{973E9325-877A-465B-9E02-6482F0F78FDF}.Release|Any CPU.ActiveCfg = Release|Any CPU
		{973E9325-877A-465B-9E02-6482F0F78FDF}.Release|Any CPU.Build.0 = Release|Any CPU
	EndGlobalSection
	GlobalSection(SolutionProperties) = preSolution
		HideSolutionNode = FALSE
	EndGlobalSection
	GlobalSection(ExtensibilityGlobals) = postSolution
		SolutionGuid = {D595C56E-B53F-4CF1-AC46-F1BD9D1FAE4D}
	EndGlobalSection
EndGlobal
